// !$*UTF8*$!
{
	archiveVersion = 1;
	classes = {
	};
	objectVersion = 56;
	objects = {

/* Begin PBXBuildFile section */
		462605542C4E37D9006ABC80 /* FirebaseAnalytics in Frameworks */ = {isa = PBXBuildFile; productRef = 462605532C4E37D9006ABC80 /* FirebaseAnalytics */; };
		462605562C4E37D9006ABC80 /* FirebaseAnalyticsSwift in Frameworks */ = {isa = PBXBuildFile; productRef = 462605552C4E37D9006ABC80 /* FirebaseAnalyticsSwift */; };
		462605582C4E37D9006ABC80 /* FirebaseAuth in Frameworks */ = {isa = PBXBuildFile; productRef = 462605572C4E37D9006ABC80 /* FirebaseAuth */; };
		4626055A2C4E37D9006ABC80 /* FirebaseFirestore in Frameworks */ = {isa = PBXBuildFile; productRef = 462605592C4E37D9006ABC80 /* FirebaseFirestore */; };
		4626055C2C4E37D9006ABC80 /* FirebaseStorage in Frameworks */ = {isa = PBXBuildFile; productRef = 4626055B2C4E37D9006ABC80 /* FirebaseStorage */; };
		464154862C3E5A1200984776 /* FreshCartApp.swift in Sources */ = {isa = PBXBuildFile; fileRef = 464154852C3E5A1200984776 /* FreshCartApp.swift */; };
		4641548A2C3E5A1300984776 /* Assets.xcassets in Resources */ = {isa = PBXBuildFile; fileRef = 464154892C3E5A1300984776 /* Assets.xcassets */; };
		4641548D2C3E5A1300984776 /* Preview Assets.xcassets in Resources */ = {isa = PBXBuildFile; fileRef = 4641548C2C3E5A1300984776 /* Preview Assets.xcassets */; };
		464154972C3E61B400984776 /* MainView.swift in Sources */ = {isa = PBXBuildFile; fileRef = 464154962C3E61B400984776 /* MainView.swift */; };
		4641549E2C3E698C00984776 /* OnboardingView.swift in Sources */ = {isa = PBXBuildFile; fileRef = 4641549D2C3E698C00984776 /* OnboardingView.swift */; };
		464154A22C3E71BC00984776 /* SocialSigninView.swift in Sources */ = {isa = PBXBuildFile; fileRef = 464154A12C3E71BC00984776 /* SocialSigninView.swift */; };
		464154A52C3E743700984776 /* CountriesInfo.json in Resources */ = {isa = PBXBuildFile; fileRef = 464154A42C3E743700984776 /* CountriesInfo.json */; };
		464154A82C3E863E00984776 /* CustomButton.swift in Sources */ = {isa = PBXBuildFile; fileRef = 464154A72C3E863E00984776 /* CustomButton.swift */; };
		464154AA2C3E866E00984776 /* SocialLoginButton.swift in Sources */ = {isa = PBXBuildFile; fileRef = 464154A92C3E866E00984776 /* SocialLoginButton.swift */; };
		464154AD2C3E8EEB00984776 /* InputNumberView.swift in Sources */ = {isa = PBXBuildFile; fileRef = 464154AC2C3E8EEB00984776 /* InputNumberView.swift */; };
		464154AF2C3EA10900984776 /* VerificationView.swift in Sources */ = {isa = PBXBuildFile; fileRef = 464154AE2C3EA10900984776 /* VerificationView.swift */; };
		464154B12C3EA12A00984776 /* RoundNextButton.swift in Sources */ = {isa = PBXBuildFile; fileRef = 464154B02C3EA12A00984776 /* RoundNextButton.swift */; };
		464154B32C3EA76D00984776 /* SelectLocationView.swift in Sources */ = {isa = PBXBuildFile; fileRef = 464154B22C3EA76D00984776 /* SelectLocationView.swift */; };
		464472022C52515F00C1DF1F /* VerifyEmailView.swift in Sources */ = {isa = PBXBuildFile; fileRef = 464472012C52515F00C1DF1F /* VerifyEmailView.swift */; };
		464472042C5256AE00C1DF1F /* LoadingView.swift in Sources */ = {isa = PBXBuildFile; fileRef = 464472032C5256AE00C1DF1F /* LoadingView.swift */; };
		464472092C5271C800C1DF1F /* AddProductView.swift in Sources */ = {isa = PBXBuildFile; fileRef = 464472082C5271C800C1DF1F /* AddProductView.swift */; };
		464C628A2C4F831B00DCA5E9 /* GoogleService-Info.plist in Resources */ = {isa = PBXBuildFile; fileRef = 464C62892C4F831B00DCA5E9 /* GoogleService-Info.plist */; };
		464C628C2C4F86B700DCA5E9 /* AuthenticationViewModel.swift in Sources */ = {isa = PBXBuildFile; fileRef = 464C628B2C4F86B700DCA5E9 /* AuthenticationViewModel.swift */; };
		464C628E2C4F992400DCA5E9 /* AuthenticationView.swift in Sources */ = {isa = PBXBuildFile; fileRef = 464C628D2C4F992400DCA5E9 /* AuthenticationView.swift */; };
		464C62922C4FB7EF00DCA5E9 /* AuthenticationFlowView.swift in Sources */ = {isa = PBXBuildFile; fileRef = 464C62912C4FB7EF00DCA5E9 /* AuthenticationFlowView.swift */; };
		465217A12C3FA45600ED1872 /* SigninView.swift in Sources */ = {isa = PBXBuildFile; fileRef = 465217A02C3FA45600ED1872 /* SigninView.swift */; };
		465217A32C3FAE0E00ED1872 /* CustomTitle.swift in Sources */ = {isa = PBXBuildFile; fileRef = 465217A22C3FAE0E00ED1872 /* CustomTitle.swift */; };
		465217A52C3FAE2900ED1872 /* CustomDropdown.swift in Sources */ = {isa = PBXBuildFile; fileRef = 465217A42C3FAE2900ED1872 /* CustomDropdown.swift */; };
		465217A72C3FB00C00ED1872 /* CustomSubtitle.swift in Sources */ = {isa = PBXBuildFile; fileRef = 465217A62C3FB00C00ED1872 /* CustomSubtitle.swift */; };
		465217AA2C3FB36F00ED1872 /* Enum.swift in Sources */ = {isa = PBXBuildFile; fileRef = 465217A92C3FB36F00ED1872 /* Enum.swift */; };
		465217AC2C3FB68200ED1872 /* LabeledTextField.swift in Sources */ = {isa = PBXBuildFile; fileRef = 465217AB2C3FB68200ED1872 /* LabeledTextField.swift */; };
		465217B02C3FC30700ED1872 /* SignUpView.swift in Sources */ = {isa = PBXBuildFile; fileRef = 465217AF2C3FC30700ED1872 /* SignUpView.swift */; };
		465217B22C3FEEE500ED1872 /* ValidationHelper.swift in Sources */ = {isa = PBXBuildFile; fileRef = 465217B12C3FEEE500ED1872 /* ValidationHelper.swift */; };
		465217B52C3FF49A00ED1872 /* ShopView.swift in Sources */ = {isa = PBXBuildFile; fileRef = 465217B42C3FF49A00ED1872 /* ShopView.swift */; };
		465217B82C3FF4BB00ED1872 /* ExploreView.swift in Sources */ = {isa = PBXBuildFile; fileRef = 465217B72C3FF4BB00ED1872 /* ExploreView.swift */; };
		465217BB2C3FF4DF00ED1872 /* CartView.swift in Sources */ = {isa = PBXBuildFile; fileRef = 465217BA2C3FF4DF00ED1872 /* CartView.swift */; };
		465217BE2C3FF4F500ED1872 /* FavoritesView.swift in Sources */ = {isa = PBXBuildFile; fileRef = 465217BD2C3FF4F500ED1872 /* FavoritesView.swift */; };
		465217C12C3FF50F00ED1872 /* AccountView.swift in Sources */ = {isa = PBXBuildFile; fileRef = 465217C02C3FF50F00ED1872 /* AccountView.swift */; };
		465217C42C40011600ED1872 /* UITabbarControllerExtension.swift in Sources */ = {isa = PBXBuildFile; fileRef = 465217C32C40011600ED1872 /* UITabbarControllerExtension.swift */; };
		46551C912C48E85C00610A10 /* CartViewModel.swift in Sources */ = {isa = PBXBuildFile; fileRef = 46551C902C48E85C00610A10 /* CartViewModel.swift */; };
		46551C932C48FD7D00610A10 /* FavoritesViewModel.swift in Sources */ = {isa = PBXBuildFile; fileRef = 46551C922C48FD7D00610A10 /* FavoritesViewModel.swift */; };
		46551C962C491F2F00610A10 /* OrderAcceptedView.swift in Sources */ = {isa = PBXBuildFile; fileRef = 46551C952C491F2F00610A10 /* OrderAcceptedView.swift */; };
		46551C982C4922B000610A10 /* CheckoutRow.swift in Sources */ = {isa = PBXBuildFile; fileRef = 46551C972C4922B000610A10 /* CheckoutRow.swift */; };
		46551C9A2C4922ED00610A10 /* CheckoutTerms.swift in Sources */ = {isa = PBXBuildFile; fileRef = 46551C992C4922ED00610A10 /* CheckoutTerms.swift */; };
		46551C9C2C49230300610A10 /* CheckoutBottomsheet.swift in Sources */ = {isa = PBXBuildFile; fileRef = 46551C9B2C49230300610A10 /* CheckoutBottomsheet.swift */; };
		465A32442C4793FB00A49A58 /* RatingView.swift in Sources */ = {isa = PBXBuildFile; fileRef = 465A32432C4793FB00A49A58 /* RatingView.swift */; };
		465A32462C479A6400A49A58 /* UserFakeReview.swift in Sources */ = {isa = PBXBuildFile; fileRef = 465A32452C479A6400A49A58 /* UserFakeReview.swift */; };
		465A32482C479DF400A49A58 /* ReviewSection.swift in Sources */ = {isa = PBXBuildFile; fileRef = 465A32472C479DF400A49A58 /* ReviewSection.swift */; };
		465A324A2C479F5C00A49A58 /* StarRatingView.swift in Sources */ = {isa = PBXBuildFile; fileRef = 465A32492C479F5C00A49A58 /* StarRatingView.swift */; };
		465A324C2C47A99400A49A58 /* ColorExtension.swift in Sources */ = {isa = PBXBuildFile; fileRef = 465A324B2C47A99400A49A58 /* ColorExtension.swift */; };
		465A32502C47B0AD00A49A58 /* CategoryDetailView.swift in Sources */ = {isa = PBXBuildFile; fileRef = 465A324F2C47B0AD00A49A58 /* CategoryDetailView.swift */; };
		465A32522C47C6C900A49A58 /* CategoryCard.swift in Sources */ = {isa = PBXBuildFile; fileRef = 465A32512C47C6C900A49A58 /* CategoryCard.swift */; };
		465A32552C47DA7D00A49A58 /* ProductCartCard.swift in Sources */ = {isa = PBXBuildFile; fileRef = 465A32542C47DA7D00A49A58 /* ProductCartCard.swift */; };
		465A32572C47DA9900A49A58 /* CartProductQuantity.swift in Sources */ = {isa = PBXBuildFile; fileRef = 465A32562C47DA9900A49A58 /* CartProductQuantity.swift */; };
		465A325A2C47DCA400A49A58 /* FavoriteCard.swift in Sources */ = {isa = PBXBuildFile; fileRef = 465A32592C47DCA400A49A58 /* FavoriteCard.swift */; };
		467A59B82C40F691005A300A /* Product.swift in Sources */ = {isa = PBXBuildFile; fileRef = 467A59B72C40F691005A300A /* Product.swift */; };
		467A59BA2C40FF48005A300A /* ProductCategory.swift in Sources */ = {isa = PBXBuildFile; fileRef = 467A59B92C40FF48005A300A /* ProductCategory.swift */; };
		467A59BC2C41116E005A300A /* ProductCard.swift in Sources */ = {isa = PBXBuildFile; fileRef = 467A59BB2C41116E005A300A /* ProductCard.swift */; };
		467A59BF2C4111E4005A300A /* ExclusiveOfferList.swift in Sources */ = {isa = PBXBuildFile; fileRef = 467A59BE2C4111E4005A300A /* ExclusiveOfferList.swift */; };
		467A59C12C4114C3005A300A /* CustomSearchBar.swift in Sources */ = {isa = PBXBuildFile; fileRef = 467A59C02C4114C3005A300A /* CustomSearchBar.swift */; };
		467A59C32C41168C005A300A /* ShopViewHeader.swift in Sources */ = {isa = PBXBuildFile; fileRef = 467A59C22C41168C005A300A /* ShopViewHeader.swift */; };
		467A59C52C4116C6005A300A /* BestSellingList.swift in Sources */ = {isa = PBXBuildFile; fileRef = 467A59C42C4116C6005A300A /* BestSellingList.swift */; };
		467A59C82C4130C4005A300A /* Aclonica-Regular.ttf in Resources */ = {isa = PBXBuildFile; fileRef = 467A59C72C4130C4005A300A /* Aclonica-Regular.ttf */; };
		467A59CA2C413911005A300A /* ShopViewBannerCard.swift in Sources */ = {isa = PBXBuildFile; fileRef = 467A59C92C413911005A300A /* ShopViewBannerCard.swift */; };
		467A59CD2C4139FD005A300A /* ProductDetailView.swift in Sources */ = {isa = PBXBuildFile; fileRef = 467A59CC2C4139FD005A300A /* ProductDetailView.swift */; };
		467A59CF2C413EE9005A300A /* GeneralExtensions.swift in Sources */ = {isa = PBXBuildFile; fileRef = 467A59CE2C413EE9005A300A /* GeneralExtensions.swift */; };
		467A59D12C413F34005A300A /* RoundedCorners.swift in Sources */ = {isa = PBXBuildFile; fileRef = 467A59D02C413F34005A300A /* RoundedCorners.swift */; };
		467A59D42C414242005A300A /* ProductDetailHeader.swift in Sources */ = {isa = PBXBuildFile; fileRef = 467A59D32C414242005A300A /* ProductDetailHeader.swift */; };
		467A59D62C4147BC005A300A /* ProductDetailQuantitySection.swift in Sources */ = {isa = PBXBuildFile; fileRef = 467A59D52C4147BC005A300A /* ProductDetailQuantitySection.swift */; };
		467A59D82C414D38005A300A /* Accordian.swift in Sources */ = {isa = PBXBuildFile; fileRef = 467A59D72C414D38005A300A /* Accordian.swift */; };
		467A59DA2C415463005A300A /* ProductDetailNutritionSection.swift in Sources */ = {isa = PBXBuildFile; fileRef = 467A59D92C415463005A300A /* ProductDetailNutritionSection.swift */; };
		46CE09B52C4A46C20062F795 /* CountryModel.swift in Sources */ = {isa = PBXBuildFile; fileRef = 46CE09B42C4A46C20062F795 /* CountryModel.swift */; };
		46CE09B72C4A4DC70062F795 /* CountryPickerView.swift in Sources */ = {isa = PBXBuildFile; fileRef = 46CE09B62C4A4DC70062F795 /* CountryPickerView.swift */; };
		46CE09B92C4A52460062F795 /* Banner.swift in Sources */ = {isa = PBXBuildFile; fileRef = 46CE09B82C4A52460062F795 /* Banner.swift */; };
		46CE09BC2C4A74150062F795 /* AccountViewRow.swift in Sources */ = {isa = PBXBuildFile; fileRef = 46CE09BB2C4A74150062F795 /* AccountViewRow.swift */; };
		46CE09C02C4A74F90062F795 /* AllProductView.swift in Sources */ = {isa = PBXBuildFile; fileRef = 46CE09BF2C4A74F90062F795 /* AllProductView.swift */; };
		46CE09C22C4A77C60062F795 /* AllProductList.swift in Sources */ = {isa = PBXBuildFile; fileRef = 46CE09C12C4A77C60062F795 /* AllProductList.swift */; };
		46CE09C42C4A7D8C0062F795 /* CustomCheckbox.swift in Sources */ = {isa = PBXBuildFile; fileRef = 46CE09C32C4A7D8C0062F795 /* CustomCheckbox.swift */; };
/* End PBXBuildFile section */

/* Begin PBXFileReference section */
		464154822C3E5A1200984776 /* FreshCart.app */ = {isa = PBXFileReference; explicitFileType = wrapper.application; includeInIndex = 0; path = FreshCart.app; sourceTree = BUILT_PRODUCTS_DIR; };
		464154852C3E5A1200984776 /* FreshCartApp.swift */ = {isa = PBXFileReference; lastKnownFileType = sourcecode.swift; path = FreshCartApp.swift; sourceTree = "<group>"; };
		464154892C3E5A1300984776 /* Assets.xcassets */ = {isa = PBXFileReference; lastKnownFileType = folder.assetcatalog; path = Assets.xcassets; sourceTree = "<group>"; };
		4641548C2C3E5A1300984776 /* Preview Assets.xcassets */ = {isa = PBXFileReference; lastKnownFileType = folder.assetcatalog; path = "Preview Assets.xcassets"; sourceTree = "<group>"; };
		464154962C3E61B400984776 /* MainView.swift */ = {isa = PBXFileReference; lastKnownFileType = sourcecode.swift; path = MainView.swift; sourceTree = "<group>"; };
		464154982C3E660900984776 /* Info.plist */ = {isa = PBXFileReference; lastKnownFileType = text.plist; path = Info.plist; sourceTree = "<group>"; };
		4641549D2C3E698C00984776 /* OnboardingView.swift */ = {isa = PBXFileReference; lastKnownFileType = sourcecode.swift; path = OnboardingView.swift; sourceTree = "<group>"; };
		464154A12C3E71BC00984776 /* SocialSigninView.swift */ = {isa = PBXFileReference; lastKnownFileType = sourcecode.swift; path = SocialSigninView.swift; sourceTree = "<group>"; };
		464154A42C3E743700984776 /* CountriesInfo.json */ = {isa = PBXFileReference; fileEncoding = 4; lastKnownFileType = text.json; path = CountriesInfo.json; sourceTree = "<group>"; };
		464154A72C3E863E00984776 /* CustomButton.swift */ = {isa = PBXFileReference; lastKnownFileType = sourcecode.swift; path = CustomButton.swift; sourceTree = "<group>"; };
		464154A92C3E866E00984776 /* SocialLoginButton.swift */ = {isa = PBXFileReference; lastKnownFileType = sourcecode.swift; path = SocialLoginButton.swift; sourceTree = "<group>"; };
		464154AC2C3E8EEB00984776 /* InputNumberView.swift */ = {isa = PBXFileReference; lastKnownFileType = sourcecode.swift; path = InputNumberView.swift; sourceTree = "<group>"; };
		464154AE2C3EA10900984776 /* VerificationView.swift */ = {isa = PBXFileReference; lastKnownFileType = sourcecode.swift; path = VerificationView.swift; sourceTree = "<group>"; };
		464154B02C3EA12A00984776 /* RoundNextButton.swift */ = {isa = PBXFileReference; lastKnownFileType = sourcecode.swift; path = RoundNextButton.swift; sourceTree = "<group>"; };
		464154B22C3EA76D00984776 /* SelectLocationView.swift */ = {isa = PBXFileReference; lastKnownFileType = sourcecode.swift; path = SelectLocationView.swift; sourceTree = "<group>"; };
		464472012C52515F00C1DF1F /* VerifyEmailView.swift */ = {isa = PBXFileReference; lastKnownFileType = sourcecode.swift; path = VerifyEmailView.swift; sourceTree = "<group>"; };
		464472032C5256AE00C1DF1F /* LoadingView.swift */ = {isa = PBXFileReference; lastKnownFileType = sourcecode.swift; path = LoadingView.swift; sourceTree = "<group>"; };
		464472082C5271C800C1DF1F /* AddProductView.swift */ = {isa = PBXFileReference; lastKnownFileType = sourcecode.swift; path = AddProductView.swift; sourceTree = "<group>"; };
		464C62892C4F831B00DCA5E9 /* GoogleService-Info.plist */ = {isa = PBXFileReference; fileEncoding = 4; lastKnownFileType = text.plist.xml; path = "GoogleService-Info.plist"; sourceTree = "<group>"; };
		464C628B2C4F86B700DCA5E9 /* AuthenticationViewModel.swift */ = {isa = PBXFileReference; lastKnownFileType = sourcecode.swift; path = AuthenticationViewModel.swift; sourceTree = "<group>"; };
		464C628D2C4F992400DCA5E9 /* AuthenticationView.swift */ = {isa = PBXFileReference; lastKnownFileType = sourcecode.swift; path = AuthenticationView.swift; sourceTree = "<group>"; };
		464C62912C4FB7EF00DCA5E9 /* AuthenticationFlowView.swift */ = {isa = PBXFileReference; lastKnownFileType = sourcecode.swift; path = AuthenticationFlowView.swift; sourceTree = "<group>"; };
		465217A02C3FA45600ED1872 /* SigninView.swift */ = {isa = PBXFileReference; lastKnownFileType = sourcecode.swift; path = SigninView.swift; sourceTree = "<group>"; };
		465217A22C3FAE0E00ED1872 /* CustomTitle.swift */ = {isa = PBXFileReference; lastKnownFileType = sourcecode.swift; path = CustomTitle.swift; sourceTree = "<group>"; };
		465217A42C3FAE2900ED1872 /* CustomDropdown.swift */ = {isa = PBXFileReference; lastKnownFileType = sourcecode.swift; path = CustomDropdown.swift; sourceTree = "<group>"; };
		465217A62C3FB00C00ED1872 /* CustomSubtitle.swift */ = {isa = PBXFileReference; lastKnownFileType = sourcecode.swift; path = CustomSubtitle.swift; sourceTree = "<group>"; };
		465217A92C3FB36F00ED1872 /* Enum.swift */ = {isa = PBXFileReference; lastKnownFileType = sourcecode.swift; path = Enum.swift; sourceTree = "<group>"; };
		465217AB2C3FB68200ED1872 /* LabeledTextField.swift */ = {isa = PBXFileReference; lastKnownFileType = sourcecode.swift; path = LabeledTextField.swift; sourceTree = "<group>"; };
		465217AF2C3FC30700ED1872 /* SignUpView.swift */ = {isa = PBXFileReference; lastKnownFileType = sourcecode.swift; path = SignUpView.swift; sourceTree = "<group>"; };
		465217B12C3FEEE500ED1872 /* ValidationHelper.swift */ = {isa = PBXFileReference; lastKnownFileType = sourcecode.swift; path = ValidationHelper.swift; sourceTree = "<group>"; };
		465217B42C3FF49A00ED1872 /* ShopView.swift */ = {isa = PBXFileReference; lastKnownFileType = sourcecode.swift; path = ShopView.swift; sourceTree = "<group>"; };
		465217B72C3FF4BB00ED1872 /* ExploreView.swift */ = {isa = PBXFileReference; lastKnownFileType = sourcecode.swift; path = ExploreView.swift; sourceTree = "<group>"; };
		465217BA2C3FF4DF00ED1872 /* CartView.swift */ = {isa = PBXFileReference; lastKnownFileType = sourcecode.swift; path = CartView.swift; sourceTree = "<group>"; };
		465217BD2C3FF4F500ED1872 /* FavoritesView.swift */ = {isa = PBXFileReference; lastKnownFileType = sourcecode.swift; path = FavoritesView.swift; sourceTree = "<group>"; };
		465217C02C3FF50F00ED1872 /* AccountView.swift */ = {isa = PBXFileReference; lastKnownFileType = sourcecode.swift; path = AccountView.swift; sourceTree = "<group>"; };
		465217C32C40011600ED1872 /* UITabbarControllerExtension.swift */ = {isa = PBXFileReference; lastKnownFileType = sourcecode.swift; path = UITabbarControllerExtension.swift; sourceTree = "<group>"; };
		46551C902C48E85C00610A10 /* CartViewModel.swift */ = {isa = PBXFileReference; lastKnownFileType = sourcecode.swift; path = CartViewModel.swift; sourceTree = "<group>"; };
		46551C922C48FD7D00610A10 /* FavoritesViewModel.swift */ = {isa = PBXFileReference; lastKnownFileType = sourcecode.swift; path = FavoritesViewModel.swift; sourceTree = "<group>"; };
		46551C952C491F2F00610A10 /* OrderAcceptedView.swift */ = {isa = PBXFileReference; lastKnownFileType = sourcecode.swift; path = OrderAcceptedView.swift; sourceTree = "<group>"; };
		46551C972C4922B000610A10 /* CheckoutRow.swift */ = {isa = PBXFileReference; lastKnownFileType = sourcecode.swift; path = CheckoutRow.swift; sourceTree = "<group>"; };
		46551C992C4922ED00610A10 /* CheckoutTerms.swift */ = {isa = PBXFileReference; lastKnownFileType = sourcecode.swift; path = CheckoutTerms.swift; sourceTree = "<group>"; };
		46551C9B2C49230300610A10 /* CheckoutBottomsheet.swift */ = {isa = PBXFileReference; lastKnownFileType = sourcecode.swift; path = CheckoutBottomsheet.swift; sourceTree = "<group>"; };
		465A32432C4793FB00A49A58 /* RatingView.swift */ = {isa = PBXFileReference; lastKnownFileType = sourcecode.swift; path = RatingView.swift; sourceTree = "<group>"; };
		465A32452C479A6400A49A58 /* UserFakeReview.swift */ = {isa = PBXFileReference; lastKnownFileType = sourcecode.swift; path = UserFakeReview.swift; sourceTree = "<group>"; };
		465A32472C479DF400A49A58 /* ReviewSection.swift */ = {isa = PBXFileReference; lastKnownFileType = sourcecode.swift; path = ReviewSection.swift; sourceTree = "<group>"; };
		465A32492C479F5C00A49A58 /* StarRatingView.swift */ = {isa = PBXFileReference; lastKnownFileType = sourcecode.swift; path = StarRatingView.swift; sourceTree = "<group>"; };
		465A324B2C47A99400A49A58 /* ColorExtension.swift */ = {isa = PBXFileReference; lastKnownFileType = sourcecode.swift; path = ColorExtension.swift; sourceTree = "<group>"; };
		465A324F2C47B0AD00A49A58 /* CategoryDetailView.swift */ = {isa = PBXFileReference; lastKnownFileType = sourcecode.swift; path = CategoryDetailView.swift; sourceTree = "<group>"; };
		465A32512C47C6C900A49A58 /* CategoryCard.swift */ = {isa = PBXFileReference; lastKnownFileType = sourcecode.swift; path = CategoryCard.swift; sourceTree = "<group>"; };
		465A32542C47DA7D00A49A58 /* ProductCartCard.swift */ = {isa = PBXFileReference; lastKnownFileType = sourcecode.swift; path = ProductCartCard.swift; sourceTree = "<group>"; };
		465A32562C47DA9900A49A58 /* CartProductQuantity.swift */ = {isa = PBXFileReference; lastKnownFileType = sourcecode.swift; path = CartProductQuantity.swift; sourceTree = "<group>"; };
		465A32592C47DCA400A49A58 /* FavoriteCard.swift */ = {isa = PBXFileReference; lastKnownFileType = sourcecode.swift; path = FavoriteCard.swift; sourceTree = "<group>"; };
		467A59B72C40F691005A300A /* Product.swift */ = {isa = PBXFileReference; lastKnownFileType = sourcecode.swift; path = Product.swift; sourceTree = "<group>"; };
		467A59B92C40FF48005A300A /* ProductCategory.swift */ = {isa = PBXFileReference; lastKnownFileType = sourcecode.swift; path = ProductCategory.swift; sourceTree = "<group>"; };
		467A59BB2C41116E005A300A /* ProductCard.swift */ = {isa = PBXFileReference; lastKnownFileType = sourcecode.swift; path = ProductCard.swift; sourceTree = "<group>"; };
		467A59BE2C4111E4005A300A /* ExclusiveOfferList.swift */ = {isa = PBXFileReference; lastKnownFileType = sourcecode.swift; path = ExclusiveOfferList.swift; sourceTree = "<group>"; };
		467A59C02C4114C3005A300A /* CustomSearchBar.swift */ = {isa = PBXFileReference; lastKnownFileType = sourcecode.swift; path = CustomSearchBar.swift; sourceTree = "<group>"; };
		467A59C22C41168C005A300A /* ShopViewHeader.swift */ = {isa = PBXFileReference; lastKnownFileType = sourcecode.swift; path = ShopViewHeader.swift; sourceTree = "<group>"; };
		467A59C42C4116C6005A300A /* BestSellingList.swift */ = {isa = PBXFileReference; lastKnownFileType = sourcecode.swift; path = BestSellingList.swift; sourceTree = "<group>"; };
		467A59C72C4130C4005A300A /* Aclonica-Regular.ttf */ = {isa = PBXFileReference; lastKnownFileType = file; path = "Aclonica-Regular.ttf"; sourceTree = "<group>"; };
		467A59C92C413911005A300A /* ShopViewBannerCard.swift */ = {isa = PBXFileReference; lastKnownFileType = sourcecode.swift; path = ShopViewBannerCard.swift; sourceTree = "<group>"; };
		467A59CC2C4139FD005A300A /* ProductDetailView.swift */ = {isa = PBXFileReference; lastKnownFileType = sourcecode.swift; path = ProductDetailView.swift; sourceTree = "<group>"; };
		467A59CE2C413EE9005A300A /* GeneralExtensions.swift */ = {isa = PBXFileReference; lastKnownFileType = sourcecode.swift; path = GeneralExtensions.swift; sourceTree = "<group>"; };
		467A59D02C413F34005A300A /* RoundedCorners.swift */ = {isa = PBXFileReference; lastKnownFileType = sourcecode.swift; path = RoundedCorners.swift; sourceTree = "<group>"; };
		467A59D32C414242005A300A /* ProductDetailHeader.swift */ = {isa = PBXFileReference; lastKnownFileType = sourcecode.swift; path = ProductDetailHeader.swift; sourceTree = "<group>"; };
		467A59D52C4147BC005A300A /* ProductDetailQuantitySection.swift */ = {isa = PBXFileReference; lastKnownFileType = sourcecode.swift; path = ProductDetailQuantitySection.swift; sourceTree = "<group>"; };
		467A59D72C414D38005A300A /* Accordian.swift */ = {isa = PBXFileReference; lastKnownFileType = sourcecode.swift; path = Accordian.swift; sourceTree = "<group>"; };
		467A59D92C415463005A300A /* ProductDetailNutritionSection.swift */ = {isa = PBXFileReference; lastKnownFileType = sourcecode.swift; path = ProductDetailNutritionSection.swift; sourceTree = "<group>"; };
		46CE09B42C4A46C20062F795 /* CountryModel.swift */ = {isa = PBXFileReference; lastKnownFileType = sourcecode.swift; path = CountryModel.swift; sourceTree = "<group>"; };
		46CE09B62C4A4DC70062F795 /* CountryPickerView.swift */ = {isa = PBXFileReference; lastKnownFileType = sourcecode.swift; path = CountryPickerView.swift; sourceTree = "<group>"; };
		46CE09B82C4A52460062F795 /* Banner.swift */ = {isa = PBXFileReference; lastKnownFileType = sourcecode.swift; path = Banner.swift; sourceTree = "<group>"; };
		46CE09BB2C4A74150062F795 /* AccountViewRow.swift */ = {isa = PBXFileReference; lastKnownFileType = sourcecode.swift; path = AccountViewRow.swift; sourceTree = "<group>"; };
		46CE09BF2C4A74F90062F795 /* AllProductView.swift */ = {isa = PBXFileReference; lastKnownFileType = sourcecode.swift; path = AllProductView.swift; sourceTree = "<group>"; };
		46CE09C12C4A77C60062F795 /* AllProductList.swift */ = {isa = PBXFileReference; lastKnownFileType = sourcecode.swift; path = AllProductList.swift; sourceTree = "<group>"; };
		46CE09C32C4A7D8C0062F795 /* CustomCheckbox.swift */ = {isa = PBXFileReference; lastKnownFileType = sourcecode.swift; path = CustomCheckbox.swift; sourceTree = "<group>"; };
/* End PBXFileReference section */

/* Begin PBXFrameworksBuildPhase section */
		4641547F2C3E5A1200984776 /* Frameworks */ = {
			isa = PBXFrameworksBuildPhase;
			buildActionMask = 2147483647;
			files = (
				462605562C4E37D9006ABC80 /* FirebaseAnalyticsSwift in Frameworks */,
				4626055A2C4E37D9006ABC80 /* FirebaseFirestore in Frameworks */,
				462605582C4E37D9006ABC80 /* FirebaseAuth in Frameworks */,
				4626055C2C4E37D9006ABC80 /* FirebaseStorage in Frameworks */,
				462605542C4E37D9006ABC80 /* FirebaseAnalytics in Frameworks */,
			);
			runOnlyForDeploymentPostprocessing = 0;
		};
/* End PBXFrameworksBuildPhase section */

/* Begin PBXGroup section */
		464154792C3E5A1100984776 = {
			isa = PBXGroup;
			children = (
				464154842C3E5A1200984776 /* FreshCart */,
				464154832C3E5A1200984776 /* Products */,
			);
			sourceTree = "<group>";
		};
		464154832C3E5A1200984776 /* Products */ = {
			isa = PBXGroup;
			children = (
				464154822C3E5A1200984776 /* FreshCart.app */,
			);
			name = Products;
			sourceTree = "<group>";
		};
		464154842C3E5A1200984776 /* FreshCart */ = {
			isa = PBXGroup;
			children = (
				467A59C62C4130B2005A300A /* Config */,
				464154982C3E660900984776 /* Info.plist */,
				465217C22C4000E600ED1872 /* Extensions */,
				465217A82C3FB35A00ED1872 /* Enums */,
				4641549B2C3E694700984776 /* Utilities */,
				464154992C3E68FC00984776 /* Models */,
				4641549A2C3E690300984776 /* ViewModels */,
				464154952C3E61A300984776 /* Views */,
				464154852C3E5A1200984776 /* FreshCartApp.swift */,
				464154A62C3E861F00984776 /* Components */,
				464154892C3E5A1300984776 /* Assets.xcassets */,
				464C62892C4F831B00DCA5E9 /* GoogleService-Info.plist */,
				4641548B2C3E5A1300984776 /* Preview Content */,
			);
			path = FreshCart;
			sourceTree = "<group>";
		};
		4641548B2C3E5A1300984776 /* Preview Content */ = {
			isa = PBXGroup;
			children = (
				4641548C2C3E5A1300984776 /* Preview Assets.xcassets */,
			);
			path = "Preview Content";
			sourceTree = "<group>";
		};
		464154952C3E61A300984776 /* Views */ = {
			isa = PBXGroup;
			children = (
				464472072C5271B200C1DF1F /* AddProductView */,
				46CE09BD2C4A74E10062F795 /* AllProductView */,
				46551C942C491F1B00610A10 /* OrderAcceptedView */,
				465A324D2C47B09000A49A58 /* CategoryDetailView */,
				467A59CB2C4139EC005A300A /* ProductDetailView */,
				465217BF2C3FF4F900ED1872 /* AccountView */,
				465217BC2C3FF4E300ED1872 /* FavoritesView */,
				465217B92C3FF4D200ED1872 /* CartView */,
				465217B62C3FF4A500ED1872 /* ExploreView */,
				465217B32C3FF48D00ED1872 /* ShopView */,
				464154A02C3E71AB00984776 /* AuthView */,
				4641549F2C3E6A0000984776 /* MainView */,
				4641549C2C3E697A00984776 /* OnboardingView */,
			);
			path = Views;
			sourceTree = "<group>";
		};
		464154992C3E68FC00984776 /* Models */ = {
			isa = PBXGroup;
			children = (
				467A59B72C40F691005A300A /* Product.swift */,
				467A59B92C40FF48005A300A /* ProductCategory.swift */,
				465A32452C479A6400A49A58 /* UserFakeReview.swift */,
				46CE09B42C4A46C20062F795 /* CountryModel.swift */,
			);
			path = Models;
			sourceTree = "<group>";
		};
		4641549A2C3E690300984776 /* ViewModels */ = {
			isa = PBXGroup;
			children = (
				46551C902C48E85C00610A10 /* CartViewModel.swift */,
				46551C922C48FD7D00610A10 /* FavoritesViewModel.swift */,
				464C628B2C4F86B700DCA5E9 /* AuthenticationViewModel.swift */,
			);
			path = ViewModels;
			sourceTree = "<group>";
		};
		4641549B2C3E694700984776 /* Utilities */ = {
			isa = PBXGroup;
			children = (
				465217B12C3FEEE500ED1872 /* ValidationHelper.swift */,
				467A59D02C413F34005A300A /* RoundedCorners.swift */,
				46CE09B82C4A52460062F795 /* Banner.swift */,
			);
			path = Utilities;
			sourceTree = "<group>";
		};
		4641549C2C3E697A00984776 /* OnboardingView */ = {
			isa = PBXGroup;
			children = (
				4641549D2C3E698C00984776 /* OnboardingView.swift */,
			);
			path = OnboardingView;
			sourceTree = "<group>";
		};
		4641549F2C3E6A0000984776 /* MainView */ = {
			isa = PBXGroup;
			children = (
				464154962C3E61B400984776 /* MainView.swift */,
			);
			path = MainView;
			sourceTree = "<group>";
		};
		464154A02C3E71AB00984776 /* AuthView */ = {
			isa = PBXGroup;
			children = (
				464154AB2C3E877100984776 /* Components */,
				464154A12C3E71BC00984776 /* SocialSigninView.swift */,
				464154AC2C3E8EEB00984776 /* InputNumberView.swift */,
				464154AE2C3EA10900984776 /* VerificationView.swift */,
				464154B22C3EA76D00984776 /* SelectLocationView.swift */,
				465217A02C3FA45600ED1872 /* SigninView.swift */,
				465217AF2C3FC30700ED1872 /* SignUpView.swift */,
				464C628D2C4F992400DCA5E9 /* AuthenticationView.swift */,
				464C62912C4FB7EF00DCA5E9 /* AuthenticationFlowView.swift */,
				464472012C52515F00C1DF1F /* VerifyEmailView.swift */,
				464472032C5256AE00C1DF1F /* LoadingView.swift */,
			);
			path = AuthView;
			sourceTree = "<group>";
		};
		464154A62C3E861F00984776 /* Components */ = {
			isa = PBXGroup;
			children = (
				464154A72C3E863E00984776 /* CustomButton.swift */,
				464154B02C3EA12A00984776 /* RoundNextButton.swift */,
				465217A22C3FAE0E00ED1872 /* CustomTitle.swift */,
				465217A62C3FB00C00ED1872 /* CustomSubtitle.swift */,
				465217AB2C3FB68200ED1872 /* LabeledTextField.swift */,
				467A59BB2C41116E005A300A /* ProductCard.swift */,
				467A59C02C4114C3005A300A /* CustomSearchBar.swift */,
				467A59D72C414D38005A300A /* Accordian.swift */,
				465A32432C4793FB00A49A58 /* RatingView.swift */,
				465A32492C479F5C00A49A58 /* StarRatingView.swift */,
				46CE09B62C4A4DC70062F795 /* CountryPickerView.swift */,
				46CE09C32C4A7D8C0062F795 /* CustomCheckbox.swift */,
			);
			path = Components;
			sourceTree = "<group>";
		};
		464154AB2C3E877100984776 /* Components */ = {
			isa = PBXGroup;
			children = (
				464154A92C3E866E00984776 /* SocialLoginButton.swift */,
				465217A42C3FAE2900ED1872 /* CustomDropdown.swift */,
			);
			path = Components;
			sourceTree = "<group>";
		};
		464472072C5271B200C1DF1F /* AddProductView */ = {
			isa = PBXGroup;
			children = (
				4644720A2C5271CB00C1DF1F /* Components */,
				464472082C5271C800C1DF1F /* AddProductView.swift */,
			);
			path = AddProductView;
			sourceTree = "<group>";
		};
		4644720A2C5271CB00C1DF1F /* Components */ = {
			isa = PBXGroup;
			children = (
			);
			path = Components;
			sourceTree = "<group>";
		};
		465217A82C3FB35A00ED1872 /* Enums */ = {
			isa = PBXGroup;
			children = (
				465217A92C3FB36F00ED1872 /* Enum.swift */,
			);
			path = Enums;
			sourceTree = "<group>";
		};
		465217B32C3FF48D00ED1872 /* ShopView */ = {
			isa = PBXGroup;
			children = (
				467A59BD2C4111D4005A300A /* Components */,
				465217B42C3FF49A00ED1872 /* ShopView.swift */,
			);
			path = ShopView;
			sourceTree = "<group>";
		};
		465217B62C3FF4A500ED1872 /* ExploreView */ = {
			isa = PBXGroup;
			children = (
				465217B72C3FF4BB00ED1872 /* ExploreView.swift */,
			);
			path = ExploreView;
			sourceTree = "<group>";
		};
		465217B92C3FF4D200ED1872 /* CartView */ = {
			isa = PBXGroup;
			children = (
				465A32532C47DA7000A49A58 /* Component */,
				465217BA2C3FF4DF00ED1872 /* CartView.swift */,
			);
			path = CartView;
			sourceTree = "<group>";
		};
		465217BC2C3FF4E300ED1872 /* FavoritesView */ = {
			isa = PBXGroup;
			children = (
				465A32582C47DC9100A49A58 /* Components */,
				465217BD2C3FF4F500ED1872 /* FavoritesView.swift */,
			);
			path = FavoritesView;
			sourceTree = "<group>";
		};
		465217BF2C3FF4F900ED1872 /* AccountView */ = {
			isa = PBXGroup;
			children = (
				46CE09BA2C4A74060062F795 /* Components */,
				465217C02C3FF50F00ED1872 /* AccountView.swift */,
			);
			path = AccountView;
			sourceTree = "<group>";
		};
		465217C22C4000E600ED1872 /* Extensions */ = {
			isa = PBXGroup;
			children = (
				465A324B2C47A99400A49A58 /* ColorExtension.swift */,
				465217C32C40011600ED1872 /* UITabbarControllerExtension.swift */,
				467A59CE2C413EE9005A300A /* GeneralExtensions.swift */,
			);
			path = Extensions;
			sourceTree = "<group>";
		};
		46551C942C491F1B00610A10 /* OrderAcceptedView */ = {
			isa = PBXGroup;
			children = (
				46551C952C491F2F00610A10 /* OrderAcceptedView.swift */,
			);
			path = OrderAcceptedView;
			sourceTree = "<group>";
		};
		465A324D2C47B09000A49A58 /* CategoryDetailView */ = {
			isa = PBXGroup;
			children = (
				465A324E2C47B09900A49A58 /* Components */,
			);
			path = CategoryDetailView;
			sourceTree = "<group>";
		};
		465A324E2C47B09900A49A58 /* Components */ = {
			isa = PBXGroup;
			children = (
				465A324F2C47B0AD00A49A58 /* CategoryDetailView.swift */,
				465A32512C47C6C900A49A58 /* CategoryCard.swift */,
			);
			path = Components;
			sourceTree = "<group>";
		};
		465A32532C47DA7000A49A58 /* Component */ = {
			isa = PBXGroup;
			children = (
				465A32542C47DA7D00A49A58 /* ProductCartCard.swift */,
				465A32562C47DA9900A49A58 /* CartProductQuantity.swift */,
				46551C972C4922B000610A10 /* CheckoutRow.swift */,
				46551C992C4922ED00610A10 /* CheckoutTerms.swift */,
				46551C9B2C49230300610A10 /* CheckoutBottomsheet.swift */,
			);
			path = Component;
			sourceTree = "<group>";
		};
		465A32582C47DC9100A49A58 /* Components */ = {
			isa = PBXGroup;
			children = (
				465A32592C47DCA400A49A58 /* FavoriteCard.swift */,
			);
			path = Components;
			sourceTree = "<group>";
		};
		467A59BD2C4111D4005A300A /* Components */ = {
			isa = PBXGroup;
			children = (
				467A59BE2C4111E4005A300A /* ExclusiveOfferList.swift */,
				467A59C42C4116C6005A300A /* BestSellingList.swift */,
				467A59C22C41168C005A300A /* ShopViewHeader.swift */,
				467A59C92C413911005A300A /* ShopViewBannerCard.swift */,
			);
			path = Components;
			sourceTree = "<group>";
		};
		467A59C62C4130B2005A300A /* Config */ = {
			isa = PBXGroup;
			children = (
				464154A42C3E743700984776 /* CountriesInfo.json */,
				467A59C72C4130C4005A300A /* Aclonica-Regular.ttf */,
			);
			path = Config;
			sourceTree = "<group>";
		};
		467A59CB2C4139EC005A300A /* ProductDetailView */ = {
			isa = PBXGroup;
			children = (
				467A59D22C414235005A300A /* Component */,
				467A59CC2C4139FD005A300A /* ProductDetailView.swift */,
			);
			path = ProductDetailView;
			sourceTree = "<group>";
		};
		467A59D22C414235005A300A /* Component */ = {
			isa = PBXGroup;
			children = (
				467A59D32C414242005A300A /* ProductDetailHeader.swift */,
				467A59D52C4147BC005A300A /* ProductDetailQuantitySection.swift */,
				467A59D92C415463005A300A /* ProductDetailNutritionSection.swift */,
				465A32472C479DF400A49A58 /* ReviewSection.swift */,
			);
			path = Component;
			sourceTree = "<group>";
		};
		46CE09BA2C4A74060062F795 /* Components */ = {
			isa = PBXGroup;
			children = (
				46CE09BB2C4A74150062F795 /* AccountViewRow.swift */,
			);
			path = Components;
			sourceTree = "<group>";
		};
		46CE09BD2C4A74E10062F795 /* AllProductView */ = {
			isa = PBXGroup;
			children = (
				46CE09BE2C4A74EB0062F795 /* Components */,
				46CE09BF2C4A74F90062F795 /* AllProductView.swift */,
			);
			path = AllProductView;
			sourceTree = "<group>";
		};
		46CE09BE2C4A74EB0062F795 /* Components */ = {
			isa = PBXGroup;
			children = (
				46CE09C12C4A77C60062F795 /* AllProductList.swift */,
			);
			path = Components;
			sourceTree = "<group>";
		};
/* End PBXGroup section */

/* Begin PBXNativeTarget section */
		464154812C3E5A1200984776 /* FreshCart */ = {
			isa = PBXNativeTarget;
			buildConfigurationList = 464154902C3E5A1300984776 /* Build configuration list for PBXNativeTarget "FreshCart" */;
			buildPhases = (
				4641547E2C3E5A1200984776 /* Sources */,
				4641547F2C3E5A1200984776 /* Frameworks */,
				464154802C3E5A1200984776 /* Resources */,
			);
			buildRules = (
			);
			dependencies = (
			);
			name = FreshCart;
			packageProductDependencies = (
				462605532C4E37D9006ABC80 /* FirebaseAnalytics */,
				462605552C4E37D9006ABC80 /* FirebaseAnalyticsSwift */,
				462605572C4E37D9006ABC80 /* FirebaseAuth */,
				462605592C4E37D9006ABC80 /* FirebaseFirestore */,
				4626055B2C4E37D9006ABC80 /* FirebaseStorage */,
			);
			productName = FreshCart;
			productReference = 464154822C3E5A1200984776 /* FreshCart.app */;
			productType = "com.apple.product-type.application";
		};
/* End PBXNativeTarget section */

/* Begin PBXProject section */
		4641547A2C3E5A1100984776 /* Project object */ = {
			isa = PBXProject;
			attributes = {
				BuildIndependentTargetsInParallel = 1;
				LastSwiftUpdateCheck = 1530;
				LastUpgradeCheck = 1530;
				TargetAttributes = {
					464154812C3E5A1200984776 = {
						CreatedOnToolsVersion = 15.3;
					};
				};
			};
			buildConfigurationList = 4641547D2C3E5A1100984776 /* Build configuration list for PBXProject "FreshCart" */;
			compatibilityVersion = "Xcode 14.0";
			developmentRegion = en;
			hasScannedForEncodings = 0;
			knownRegions = (
				en,
				Base,
			);
			mainGroup = 464154792C3E5A1100984776;
			packageReferences = (
				462605522C4E37D9006ABC80 /* XCRemoteSwiftPackageReference "firebase-ios-sdk" */,
			);
			productRefGroup = 464154832C3E5A1200984776 /* Products */;
			projectDirPath = "";
			projectRoot = "";
			targets = (
				464154812C3E5A1200984776 /* FreshCart */,
			);
		};
/* End PBXProject section */

/* Begin PBXResourcesBuildPhase section */
		464154802C3E5A1200984776 /* Resources */ = {
			isa = PBXResourcesBuildPhase;
			buildActionMask = 2147483647;
			files = (
				464154A52C3E743700984776 /* CountriesInfo.json in Resources */,
				467A59C82C4130C4005A300A /* Aclonica-Regular.ttf in Resources */,
				464C628A2C4F831B00DCA5E9 /* GoogleService-Info.plist in Resources */,
				4641548D2C3E5A1300984776 /* Preview Assets.xcassets in Resources */,
				4641548A2C3E5A1300984776 /* Assets.xcassets in Resources */,
			);
			runOnlyForDeploymentPostprocessing = 0;
		};
/* End PBXResourcesBuildPhase section */

/* Begin PBXSourcesBuildPhase section */
		4641547E2C3E5A1200984776 /* Sources */ = {
			isa = PBXSourcesBuildPhase;
			buildActionMask = 2147483647;
			files = (
				465217BE2C3FF4F500ED1872 /* FavoritesView.swift in Sources */,
				467A59D42C414242005A300A /* ProductDetailHeader.swift in Sources */,
				465217A72C3FB00C00ED1872 /* CustomSubtitle.swift in Sources */,
				465A32442C4793FB00A49A58 /* RatingView.swift in Sources */,
				46CE09C02C4A74F90062F795 /* AllProductView.swift in Sources */,
				467A59D62C4147BC005A300A /* ProductDetailQuantitySection.swift in Sources */,
				46551C912C48E85C00610A10 /* CartViewModel.swift in Sources */,
				46551C982C4922B000610A10 /* CheckoutRow.swift in Sources */,
				465A32502C47B0AD00A49A58 /* CategoryDetailView.swift in Sources */,
				467A59CD2C4139FD005A300A /* ProductDetailView.swift in Sources */,
				46551C9C2C49230300610A10 /* CheckoutBottomsheet.swift in Sources */,
				4641549E2C3E698C00984776 /* OnboardingView.swift in Sources */,
				465A324A2C479F5C00A49A58 /* StarRatingView.swift in Sources */,
				464154972C3E61B400984776 /* MainView.swift in Sources */,
				464C628E2C4F992400DCA5E9 /* AuthenticationView.swift in Sources */,
				465217AC2C3FB68200ED1872 /* LabeledTextField.swift in Sources */,
				46CE09C22C4A77C60062F795 /* AllProductList.swift in Sources */,
				467A59BF2C4111E4005A300A /* ExclusiveOfferList.swift in Sources */,
				467A59BC2C41116E005A300A /* ProductCard.swift in Sources */,
				467A59BA2C40FF48005A300A /* ProductCategory.swift in Sources */,
				464472092C5271C800C1DF1F /* AddProductView.swift in Sources */,
				465A32572C47DA9900A49A58 /* CartProductQuantity.swift in Sources */,
				465217C42C40011600ED1872 /* UITabbarControllerExtension.swift in Sources */,
				465217B52C3FF49A00ED1872 /* ShopView.swift in Sources */,
				465A325A2C47DCA400A49A58 /* FavoriteCard.swift in Sources */,
				467A59B82C40F691005A300A /* Product.swift in Sources */,
				465217A12C3FA45600ED1872 /* SigninView.swift in Sources */,
				464154B12C3EA12A00984776 /* RoundNextButton.swift in Sources */,
				464C62922C4FB7EF00DCA5E9 /* AuthenticationFlowView.swift in Sources */,
				465217C12C3FF50F00ED1872 /* AccountView.swift in Sources */,
				465217A52C3FAE2900ED1872 /* CustomDropdown.swift in Sources */,
				46551C932C48FD7D00610A10 /* FavoritesViewModel.swift in Sources */,
				46CE09C42C4A7D8C0062F795 /* CustomCheckbox.swift in Sources */,
				464154B32C3EA76D00984776 /* SelectLocationView.swift in Sources */,
				464154862C3E5A1200984776 /* FreshCartApp.swift in Sources */,
				465217AA2C3FB36F00ED1872 /* Enum.swift in Sources */,
				465A32552C47DA7D00A49A58 /* ProductCartCard.swift in Sources */,
				465217B22C3FEEE500ED1872 /* ValidationHelper.swift in Sources */,
				464C628C2C4F86B700DCA5E9 /* AuthenticationViewModel.swift in Sources */,
				467A59D12C413F34005A300A /* RoundedCorners.swift in Sources */,
				467A59CF2C413EE9005A300A /* GeneralExtensions.swift in Sources */,
				464154A22C3E71BC00984776 /* SocialSigninView.swift in Sources */,
				464154AA2C3E866E00984776 /* SocialLoginButton.swift in Sources */,
				465A32462C479A6400A49A58 /* UserFakeReview.swift in Sources */,
				467A59C32C41168C005A300A /* ShopViewHeader.swift in Sources */,
				46CE09B72C4A4DC70062F795 /* CountryPickerView.swift in Sources */,
				465217B82C3FF4BB00ED1872 /* ExploreView.swift in Sources */,
				465A324C2C47A99400A49A58 /* ColorExtension.swift in Sources */,
				467A59C52C4116C6005A300A /* BestSellingList.swift in Sources */,
				467A59CA2C413911005A300A /* ShopViewBannerCard.swift in Sources */,
				46CE09B52C4A46C20062F795 /* CountryModel.swift in Sources */,
				465217BB2C3FF4DF00ED1872 /* CartView.swift in Sources */,
				464154A82C3E863E00984776 /* CustomButton.swift in Sources */,
				465217A32C3FAE0E00ED1872 /* CustomTitle.swift in Sources */,
				467A59C12C4114C3005A300A /* CustomSearchBar.swift in Sources */,
				465A32522C47C6C900A49A58 /* CategoryCard.swift in Sources */,
				464472042C5256AE00C1DF1F /* LoadingView.swift in Sources */,
				464154AD2C3E8EEB00984776 /* InputNumberView.swift in Sources */,
				46CE09B92C4A52460062F795 /* Banner.swift in Sources */,
				467A59DA2C415463005A300A /* ProductDetailNutritionSection.swift in Sources */,
				465217B02C3FC30700ED1872 /* SignUpView.swift in Sources */,
				464472022C52515F00C1DF1F /* VerifyEmailView.swift in Sources */,
				46551C9A2C4922ED00610A10 /* CheckoutTerms.swift in Sources */,
				465A32482C479DF400A49A58 /* ReviewSection.swift in Sources */,
				467A59D82C414D38005A300A /* Accordian.swift in Sources */,
				46551C962C491F2F00610A10 /* OrderAcceptedView.swift in Sources */,
				464154AF2C3EA10900984776 /* VerificationView.swift in Sources */,
				46CE09BC2C4A74150062F795 /* AccountViewRow.swift in Sources */,
			);
			runOnlyForDeploymentPostprocessing = 0;
		};
/* End PBXSourcesBuildPhase section */

/* Begin XCBuildConfiguration section */
		4641548E2C3E5A1300984776 /* Debug */ = {
			isa = XCBuildConfiguration;
			buildSettings = {
				ALWAYS_SEARCH_USER_PATHS = NO;
				ASSETCATALOG_COMPILER_GENERATE_SWIFT_ASSET_SYMBOL_EXTENSIONS = YES;
				CLANG_ANALYZER_NONNULL = YES;
				CLANG_ANALYZER_NUMBER_OBJECT_CONVERSION = YES_AGGRESSIVE;
				CLANG_CXX_LANGUAGE_STANDARD = "gnu++20";
				CLANG_ENABLE_MODULES = YES;
				CLANG_ENABLE_OBJC_ARC = YES;
				CLANG_ENABLE_OBJC_WEAK = YES;
				CLANG_WARN_BLOCK_CAPTURE_AUTORELEASING = YES;
				CLANG_WARN_BOOL_CONVERSION = YES;
				CLANG_WARN_COMMA = YES;
				CLANG_WARN_CONSTANT_CONVERSION = YES;
				CLANG_WARN_DEPRECATED_OBJC_IMPLEMENTATIONS = YES;
				CLANG_WARN_DIRECT_OBJC_ISA_USAGE = YES_ERROR;
				CLANG_WARN_DOCUMENTATION_COMMENTS = YES;
				CLANG_WARN_EMPTY_BODY = YES;
				CLANG_WARN_ENUM_CONVERSION = YES;
				CLANG_WARN_INFINITE_RECURSION = YES;
				CLANG_WARN_INT_CONVERSION = YES;
				CLANG_WARN_NON_LITERAL_NULL_CONVERSION = YES;
				CLANG_WARN_OBJC_IMPLICIT_RETAIN_SELF = YES;
				CLANG_WARN_OBJC_LITERAL_CONVERSION = YES;
				CLANG_WARN_OBJC_ROOT_CLASS = YES_ERROR;
				CLANG_WARN_QUOTED_INCLUDE_IN_FRAMEWORK_HEADER = YES;
				CLANG_WARN_RANGE_LOOP_ANALYSIS = YES;
				CLANG_WARN_STRICT_PROTOTYPES = YES;
				CLANG_WARN_SUSPICIOUS_MOVE = YES;
				CLANG_WARN_UNGUARDED_AVAILABILITY = YES_AGGRESSIVE;
				CLANG_WARN_UNREACHABLE_CODE = YES;
				CLANG_WARN__DUPLICATE_METHOD_MATCH = YES;
				COPY_PHASE_STRIP = NO;
				DEBUG_INFORMATION_FORMAT = dwarf;
				ENABLE_STRICT_OBJC_MSGSEND = YES;
				ENABLE_TESTABILITY = YES;
				ENABLE_USER_SCRIPT_SANDBOXING = YES;
				GCC_C_LANGUAGE_STANDARD = gnu17;
				GCC_DYNAMIC_NO_PIC = NO;
				GCC_NO_COMMON_BLOCKS = YES;
				GCC_OPTIMIZATION_LEVEL = 0;
				GCC_PREPROCESSOR_DEFINITIONS = (
					"DEBUG=1",
					"$(inherited)",
				);
				GCC_WARN_64_TO_32_BIT_CONVERSION = YES;
				GCC_WARN_ABOUT_RETURN_TYPE = YES_ERROR;
				GCC_WARN_UNDECLARED_SELECTOR = YES;
				GCC_WARN_UNINITIALIZED_AUTOS = YES_AGGRESSIVE;
				GCC_WARN_UNUSED_FUNCTION = YES;
				GCC_WARN_UNUSED_VARIABLE = YES;
				IPHONEOS_DEPLOYMENT_TARGET = 17.4;
				LOCALIZATION_PREFERS_STRING_CATALOGS = YES;
				MTL_ENABLE_DEBUG_INFO = INCLUDE_SOURCE;
				MTL_FAST_MATH = YES;
				ONLY_ACTIVE_ARCH = YES;
				SDKROOT = iphoneos;
				SWIFT_ACTIVE_COMPILATION_CONDITIONS = "DEBUG $(inherited)";
				SWIFT_OPTIMIZATION_LEVEL = "-Onone";
			};
			name = Debug;
		};
		4641548F2C3E5A1300984776 /* Release */ = {
			isa = XCBuildConfiguration;
			buildSettings = {
				ALWAYS_SEARCH_USER_PATHS = NO;
				ASSETCATALOG_COMPILER_GENERATE_SWIFT_ASSET_SYMBOL_EXTENSIONS = YES;
				CLANG_ANALYZER_NONNULL = YES;
				CLANG_ANALYZER_NUMBER_OBJECT_CONVERSION = YES_AGGRESSIVE;
				CLANG_CXX_LANGUAGE_STANDARD = "gnu++20";
				CLANG_ENABLE_MODULES = YES;
				CLANG_ENABLE_OBJC_ARC = YES;
				CLANG_ENABLE_OBJC_WEAK = YES;
				CLANG_WARN_BLOCK_CAPTURE_AUTORELEASING = YES;
				CLANG_WARN_BOOL_CONVERSION = YES;
				CLANG_WARN_COMMA = YES;
				CLANG_WARN_CONSTANT_CONVERSION = YES;
				CLANG_WARN_DEPRECATED_OBJC_IMPLEMENTATIONS = YES;
				CLANG_WARN_DIRECT_OBJC_ISA_USAGE = YES_ERROR;
				CLANG_WARN_DOCUMENTATION_COMMENTS = YES;
				CLANG_WARN_EMPTY_BODY = YES;
				CLANG_WARN_ENUM_CONVERSION = YES;
				CLANG_WARN_INFINITE_RECURSION = YES;
				CLANG_WARN_INT_CONVERSION = YES;
				CLANG_WARN_NON_LITERAL_NULL_CONVERSION = YES;
				CLANG_WARN_OBJC_IMPLICIT_RETAIN_SELF = YES;
				CLANG_WARN_OBJC_LITERAL_CONVERSION = YES;
				CLANG_WARN_OBJC_ROOT_CLASS = YES_ERROR;
				CLANG_WARN_QUOTED_INCLUDE_IN_FRAMEWORK_HEADER = YES;
				CLANG_WARN_RANGE_LOOP_ANALYSIS = YES;
				CLANG_WARN_STRICT_PROTOTYPES = YES;
				CLANG_WARN_SUSPICIOUS_MOVE = YES;
				CLANG_WARN_UNGUARDED_AVAILABILITY = YES_AGGRESSIVE;
				CLANG_WARN_UNREACHABLE_CODE = YES;
				CLANG_WARN__DUPLICATE_METHOD_MATCH = YES;
				COPY_PHASE_STRIP = NO;
				DEBUG_INFORMATION_FORMAT = "dwarf-with-dsym";
				ENABLE_NS_ASSERTIONS = NO;
				ENABLE_STRICT_OBJC_MSGSEND = YES;
				ENABLE_USER_SCRIPT_SANDBOXING = YES;
				GCC_C_LANGUAGE_STANDARD = gnu17;
				GCC_NO_COMMON_BLOCKS = YES;
				GCC_WARN_64_TO_32_BIT_CONVERSION = YES;
				GCC_WARN_ABOUT_RETURN_TYPE = YES_ERROR;
				GCC_WARN_UNDECLARED_SELECTOR = YES;
				GCC_WARN_UNINITIALIZED_AUTOS = YES_AGGRESSIVE;
				GCC_WARN_UNUSED_FUNCTION = YES;
				GCC_WARN_UNUSED_VARIABLE = YES;
				IPHONEOS_DEPLOYMENT_TARGET = 17.4;
				LOCALIZATION_PREFERS_STRING_CATALOGS = YES;
				MTL_ENABLE_DEBUG_INFO = NO;
				MTL_FAST_MATH = YES;
				SDKROOT = iphoneos;
				SWIFT_COMPILATION_MODE = wholemodule;
				VALIDATE_PRODUCT = YES;
			};
			name = Release;
		};
		464154912C3E5A1300984776 /* Debug */ = {
			isa = XCBuildConfiguration;
			buildSettings = {
				ASSETCATALOG_COMPILER_APPICON_NAME = AppIcon;
				ASSETCATALOG_COMPILER_GLOBAL_ACCENT_COLOR_NAME = AccentColor;
				CODE_SIGN_STYLE = Automatic;
				CURRENT_PROJECT_VERSION = 1;
				DEVELOPMENT_ASSET_PATHS = "\"FreshCart/Preview Content\"";
				DEVELOPMENT_TEAM = 6H6VG8LT3A;
				ENABLE_PREVIEWS = YES;
				GENERATE_INFOPLIST_FILE = YES;
				INFOPLIST_FILE = FreshCart/Info.plist;
				INFOPLIST_KEY_CFBundleDisplayName = "Fresh Cart";
				INFOPLIST_KEY_LSApplicationCategoryType = "";
				INFOPLIST_KEY_UIApplicationSceneManifest_Generation = YES;
				INFOPLIST_KEY_UIApplicationSupportsIndirectInputEvents = YES;
				INFOPLIST_KEY_UISupportedInterfaceOrientations = UIInterfaceOrientationPortrait;
				IPHONEOS_DEPLOYMENT_TARGET = 17.4;
				LD_RUNPATH_SEARCH_PATHS = (
					"$(inherited)",
					"@executable_path/Frameworks",
				);
				MARKETING_VERSION = 1.0;
				PRODUCT_BUNDLE_IDENTIFIER = com.innonexus.FreshCart;
				PRODUCT_NAME = "$(TARGET_NAME)";
				SWIFT_EMIT_LOC_STRINGS = YES;
				SWIFT_VERSION = 5.0;
				TARGETED_DEVICE_FAMILY = "1,2";
			};
			name = Debug;
		};
		464154922C3E5A1300984776 /* Release */ = {
			isa = XCBuildConfiguration;
			buildSettings = {
				ASSETCATALOG_COMPILER_APPICON_NAME = AppIcon;
				ASSETCATALOG_COMPILER_GLOBAL_ACCENT_COLOR_NAME = AccentColor;
				CODE_SIGN_STYLE = Automatic;
				CURRENT_PROJECT_VERSION = 1;
				DEVELOPMENT_ASSET_PATHS = "\"FreshCart/Preview Content\"";
				DEVELOPMENT_TEAM = 6H6VG8LT3A;
				ENABLE_PREVIEWS = YES;
				GENERATE_INFOPLIST_FILE = YES;
				INFOPLIST_FILE = FreshCart/Info.plist;
				INFOPLIST_KEY_CFBundleDisplayName = "Fresh Cart";
				INFOPLIST_KEY_LSApplicationCategoryType = "";
				INFOPLIST_KEY_UIApplicationSceneManifest_Generation = YES;
				INFOPLIST_KEY_UIApplicationSupportsIndirectInputEvents = YES;
				INFOPLIST_KEY_UISupportedInterfaceOrientations = UIInterfaceOrientationPortrait;
				IPHONEOS_DEPLOYMENT_TARGET = 17.4;
				LD_RUNPATH_SEARCH_PATHS = (
					"$(inherited)",
					"@executable_path/Frameworks",
				);
				MARKETING_VERSION = 1.0;
				PRODUCT_BUNDLE_IDENTIFIER = com.innonexus.FreshCart;
				PRODUCT_NAME = "$(TARGET_NAME)";
				SWIFT_EMIT_LOC_STRINGS = YES;
				SWIFT_VERSION = 5.0;
				TARGETED_DEVICE_FAMILY = "1,2";
			};
			name = Release;
		};
/* End XCBuildConfiguration section */

/* Begin XCConfigurationList section */
		4641547D2C3E5A1100984776 /* Build configuration list for PBXProject "FreshCart" */ = {
			isa = XCConfigurationList;
			buildConfigurations = (
				4641548E2C3E5A1300984776 /* Debug */,
				4641548F2C3E5A1300984776 /* Release */,
			);
			defaultConfigurationIsVisible = 0;
			defaultConfigurationName = Release;
		};
		464154902C3E5A1300984776 /* Build configuration list for PBXNativeTarget "FreshCart" */ = {
			isa = XCConfigurationList;
			buildConfigurations = (
				464154912C3E5A1300984776 /* Debug */,
				464154922C3E5A1300984776 /* Release */,
			);
			defaultConfigurationIsVisible = 0;
			defaultConfigurationName = Release;
		};
/* End XCConfigurationList section */

/* Begin XCRemoteSwiftPackageReference section */
		462605522C4E37D9006ABC80 /* XCRemoteSwiftPackageReference "firebase-ios-sdk" */ = {
			isa = XCRemoteSwiftPackageReference;
			repositoryURL = "https://github.com/firebase/firebase-ios-sdk";
			requirement = {
				kind = upToNextMajorVersion;
				minimumVersion = 10.29.0;
			};
		};
/* End XCRemoteSwiftPackageReference section */

/* Begin XCSwiftPackageProductDependency section */
		462605532C4E37D9006ABC80 /* FirebaseAnalytics */ = {
			isa = XCSwiftPackageProductDependency;
			package = 462605522C4E37D9006ABC80 /* XCRemoteSwiftPackageReference "firebase-ios-sdk" */;
			productName = FirebaseAnalytics;
		};
		462605552C4E37D9006ABC80 /* FirebaseAnalyticsSwift */ = {
			isa = XCSwiftPackageProductDependency;
			package = 462605522C4E37D9006ABC80 /* XCRemoteSwiftPackageReference "firebase-ios-sdk" */;
			productName = FirebaseAnalyticsSwift;
		};
		462605572C4E37D9006ABC80 /* FirebaseAuth */ = {
			isa = XCSwiftPackageProductDependency;
			package = 462605522C4E37D9006ABC80 /* XCRemoteSwiftPackageReference "firebase-ios-sdk" */;
			productName = FirebaseAuth;
		};
		462605592C4E37D9006ABC80 /* FirebaseFirestore */ = {
			isa = XCSwiftPackageProductDependency;
			package = 462605522C4E37D9006ABC80 /* XCRemoteSwiftPackageReference "firebase-ios-sdk" */;
			productName = FirebaseFirestore;
		};
		4626055B2C4E37D9006ABC80 /* FirebaseStorage */ = {
			isa = XCSwiftPackageProductDependency;
			package = 462605522C4E37D9006ABC80 /* XCRemoteSwiftPackageReference "firebase-ios-sdk" */;
			productName = FirebaseStorage;
		};
/* End XCSwiftPackageProductDependency section */
	};
	rootObject = 4641547A2C3E5A1100984776 /* Project object */;
}
